
Microsoft Visual Studio Solution File, Format Version 12.00
# Visual Studio 15
VisualStudioVersion = 15.0.27703.2047
MinimumVisualStudioVersion = 10.0.40219.1
Project("{FAE04EC0-301F-11D3-BF4B-00C04F79EFBC}") = "ClubTreasurer", "ClubTreasurer\ClubTreasurer.csproj", "{E8DEE346-791A-4272-B69C-CF34AC5B275A}"
EndProject
Global
	GlobalSection(SolutionConfigurationPlatforms) = preSolution
		Debug|Any CPU = Debug|Any CPU
		Release|Any CPU = Release|Any CPU
	EndGlobalSection
	GlobalSection(ProjectConfigurationPlatforms) = postSolution
		{E8DEE346-791A-4272-B69C-CF34AC5B275A}.Debug|Any CPU.ActiveCfg = Debug|Any CPU
		{E8DEE346-791A-4272-B69C-CF34AC5B275A}.Debug|Any CPU.Build.0 = Debug|Any CPU
		{E8DEE346-791A-4272-B69C-CF34AC5B275A}.Release|Any CPU.ActiveCfg = Release|Any CPU
		{E8DEE346-791A-4272-B69C-CF34AC5B275A}.Release|Any CPU.Build.0 = Release|Any CPU
	EndGlobalSection
	GlobalSection(SolutionProperties) = preSolution
		HideSolutionNode = FALSE
	EndGlobalSection
	GlobalSection(ExtensibilityGlobals) = postSolution
		SolutionGuid = {DEFCC074-C4C0-43E2-8088-201AD5EC0D2C}
	EndGlobalSection
EndGlobal
